
Microsoft Visual Studio Solution File, Format Version 12.00
# Visual Studio Version 17
VisualStudioVersion = 17.4.33110.190
MinimumVisualStudioVersion = 10.0.40219.1
Project("{9A19103F-16F7-4668-BE54-9A1E7A4F7556}") = "BootVerhuur", "BootVerhuur\BootVerhuur.csproj", "{9DB8DB8C-6991-4D7A-841F-E287D0F5CC31}"
	ProjectSection(ProjectDependencies) = postProject
		{AE0A8C23-1EC0-4BF1-8745-CBD1CA0B541D} = {AE0A8C23-1EC0-4BF1-8745-CBD1CA0B541D}
	EndProjectSection
EndProject
Project("{9A19103F-16F7-4668-BE54-9A1E7A4F7556}") = "BootVerhuurWpf", "BootVerhuurWpf\BootVerhuurWpf.csproj", "{AE0A8C23-1EC0-4BF1-8745-CBD1CA0B541D}"
EndProject
Project("{FAE04EC0-301F-11D3-BF4B-00C04F79EFBC}") = "DigitalSignature", "DigitalSignature\DigitalSignature.csproj", "{15CEF276-E1EE-44AB-AD93-2EB2AC11E4B7}"
EndProject
Global
	GlobalSection(SolutionConfigurationPlatforms) = preSolution
		Debug|Any CPU = Debug|Any CPU
		Release|Any CPU = Release|Any CPU
	EndGlobalSection
	GlobalSection(ProjectConfigurationPlatforms) = postSolution
		{9DB8DB8C-6991-4D7A-841F-E287D0F5CC31}.Debug|Any CPU.ActiveCfg = Debug|Any CPU
		{9DB8DB8C-6991-4D7A-841F-E287D0F5CC31}.Debug|Any CPU.Build.0 = Debug|Any CPU
		{9DB8DB8C-6991-4D7A-841F-E287D0F5CC31}.Release|Any CPU.ActiveCfg = Release|Any CPU
		{9DB8DB8C-6991-4D7A-841F-E287D0F5CC31}.Release|Any CPU.Build.0 = Release|Any CPU
		{AE0A8C23-1EC0-4BF1-8745-CBD1CA0B541D}.Debug|Any CPU.ActiveCfg = Debug|Any CPU
		{AE0A8C23-1EC0-4BF1-8745-CBD1CA0B541D}.Debug|Any CPU.Build.0 = Debug|Any CPU
		{AE0A8C23-1EC0-4BF1-8745-CBD1CA0B541D}.Release|Any CPU.ActiveCfg = Release|Any CPU
		{AE0A8C23-1EC0-4BF1-8745-CBD1CA0B541D}.Release|Any CPU.Build.0 = Release|Any CPU
		{15CEF276-E1EE-44AB-AD93-2EB2AC11E4B7}.Debug|Any CPU.ActiveCfg = Debug|Any CPU
		{15CEF276-E1EE-44AB-AD93-2EB2AC11E4B7}.Debug|Any CPU.Build.0 = Debug|Any CPU
		{15CEF276-E1EE-44AB-AD93-2EB2AC11E4B7}.Release|Any CPU.ActiveCfg = Release|Any CPU
		{15CEF276-E1EE-44AB-AD93-2EB2AC11E4B7}.Release|Any CPU.Build.0 = Release|Any CPU
	EndGlobalSection
	GlobalSection(SolutionProperties) = preSolution
		HideSolutionNode = FALSE
	EndGlobalSection
	GlobalSection(ExtensibilityGlobals) = postSolution
		SolutionGuid = {F9C30D6E-065D-4D92-BEFD-133E2596A7BD}
	EndGlobalSection
EndGlobal
